{
    "_meta": {
        "hash": {
            "sha256": "1bb7b1ea07af9660f7b9fb7171a81f3dd18ab7d05c4e7116ab3daaf7c326ce2b"
        },
        "pipfile-spec": 6,
        "requires": {
            "python_version": "*"
        },
        "sources": [
            {
                "name": "pypi",
                "url": "https://pypi.org/simple",
                "verify_ssl": true
            }
        ]
    },
    "default": {
        "whitenoise": {
            "extras": [
                "prettytable"
            ],
            "hashes": [
                "sha256:2067fe9008a3cd7d0d75f75c9240b54f5f59996ca285cbeab18fc1e89949e30d",
                "sha256:6ccc6d1ad6fb688a398ea65d97db47f018ea0be7da75e146e8f2e837a04ba590"
            ],
            "index": "pypi",
            "version": "==6.1.0"
        }
    },
    "develop": {}
}
